
Microsoft Visual Studio Solution File, Format Version 12.00
# Visual Studio Version 16
VisualStudioVersion = 16.0.33328.57
MinimumVisualStudioVersion = 10.0.40219.1
Project("{FAE04EC0-301F-11D3-BF4B-00C04F79EFBC}") = "SpinGamePlay", "SpinGamePlay\SpinGamePlay.csproj", "{005CC060-A487-410B-BDFB-B469A8432759}"
EndProject
Global
	GlobalSection(SolutionConfigurationPlatforms) = preSolution
		Debug|Any CPU = Debug|Any CPU
		Release|Any CPU = Release|Any CPU
	EndGlobalSection
	GlobalSection(ProjectConfigurationPlatforms) = postSolution
		{005CC060-A487-410B-BDFB-B469A8432759}.Debug|Any CPU.ActiveCfg = Debug|Any CPU
		{005CC060-A487-410B-BDFB-B469A8432759}.Debug|Any CPU.Build.0 = Debug|Any CPU
		{005CC060-A487-410B-BDFB-B469A8432759}.Release|Any CPU.ActiveCfg = Release|Any CPU
		{005CC060-A487-410B-BDFB-B469A8432759}.Release|Any CPU.Build.0 = Release|Any CPU
	EndGlobalSection
	GlobalSection(SolutionProperties) = preSolution
		HideSolutionNode = FALSE
	EndGlobalSection
	GlobalSection(ExtensibilityGlobals) = postSolution
		SolutionGuid = {E0001047-0461-4A89-AE49-12B330CD988F}
	EndGlobalSection
EndGlobal
